
Microsoft Visual Studio Solution File, Format Version 12.00
# Visual Studio Version 17
VisualStudioVersion = 17.0.31903.59
MinimumVisualStudioVersion = 10.0.40219.1
Project("{FAE04EC0-301F-11D3-BF4B-00C04F79EFBC}") = "CentroEventos.Aplicacion", "CentroEventos.Aplicacion\CentroEventos.Aplicacion.csproj", "{9F780AB0-7C24-44E5-B14E-13D40467CD61}"
EndProject
Project("{FAE04EC0-301F-11D3-BF4B-00C04F79EFBC}") = "CentroEventos.Repositorios", "CentroEventos.Repositorios\CentroEventos.Repositorios.csproj", "{431A46B5-91FF-4D93-BA31-ED2D7C33C066}"
EndProject
Project("{FAE04EC0-301F-11D3-BF4B-00C04F79EFBC}") = "CentroEventos.Consola", "CentroEventos.Consola\CentroEventos.Consola.csproj", "{3FE3151F-6D4E-457A-911E-F08BE0B07C37}"
EndProject
Global
	GlobalSection(SolutionConfigurationPlatforms) = preSolution
		Debug|Any CPU = Debug|Any CPU
		Release|Any CPU = Release|Any CPU
	EndGlobalSection
	GlobalSection(SolutionProperties) = preSolution
		HideSolutionNode = FALSE
	EndGlobalSection
	GlobalSection(ProjectConfigurationPlatforms) = postSolution
		{9F780AB0-7C24-44E5-B14E-13D40467CD61}.Debug|Any CPU.ActiveCfg = Debug|Any CPU
		{9F780AB0-7C24-44E5-B14E-13D40467CD61}.Debug|Any CPU.Build.0 = Debug|Any CPU
		{9F780AB0-7C24-44E5-B14E-13D40467CD61}.Release|Any CPU.ActiveCfg = Release|Any CPU
		{9F780AB0-7C24-44E5-B14E-13D40467CD61}.Release|Any CPU.Build.0 = Release|Any CPU
		{431A46B5-91FF-4D93-BA31-ED2D7C33C066}.Debug|Any CPU.ActiveCfg = Debug|Any CPU
		{431A46B5-91FF-4D93-BA31-ED2D7C33C066}.Debug|Any CPU.Build.0 = Debug|Any CPU
		{431A46B5-91FF-4D93-BA31-ED2D7C33C066}.Release|Any CPU.ActiveCfg = Release|Any CPU
		{431A46B5-91FF-4D93-BA31-ED2D7C33C066}.Release|Any CPU.Build.0 = Release|Any CPU
		{3FE3151F-6D4E-457A-911E-F08BE0B07C37}.Debug|Any CPU.ActiveCfg = Debug|Any CPU
		{3FE3151F-6D4E-457A-911E-F08BE0B07C37}.Debug|Any CPU.Build.0 = Debug|Any CPU
		{3FE3151F-6D4E-457A-911E-F08BE0B07C37}.Release|Any CPU.ActiveCfg = Release|Any CPU
		{3FE3151F-6D4E-457A-911E-F08BE0B07C37}.Release|Any CPU.Build.0 = Release|Any CPU
	EndGlobalSection
EndGlobal
